hash: bc019db059dfd8fcefe15c5e46a5a75264553960453b6e6e1cd0c23a88299677
updated: 2017-07-16T10:54:07.996028859+01:00
imports:
- name: golang.org/x/crypto
  version: 453249f01cfeb54c3d549ddb75ff152ca243f9d8
  subpackages:
  - acme
  - acme/autocert
- name: golang.org/x/net
  version: 10c134ea0df15f7e34d789338c7a2d76cc7a3ab9
  subpackages:
  - context
  - context/ctxhttp
testImports: []
